
Microsoft Visual Studio Solution File, Format Version 12.00
# Visual Studio 2012
Project("{8BC9CEB8-8B4A-11D0-8D11-00A0C91BC942}") = "lab2", "lab2.vcxproj", "{A43950CB-2618-4D0B-ADD6-AF12761D6486}"
EndProject
Global
	GlobalSection(SolutionConfigurationPlatforms) = preSolution
		Debug|Win32 = Debug|Win32
		Release|Win32 = Release|Win32
	EndGlobalSection
	GlobalSection(ProjectConfigurationPlatforms) = postSolution
		{A43950CB-2618-4D0B-ADD6-AF12761D6486}.Debug|Win32.ActiveCfg = Debug|Win32
		{A43950CB-2618-4D0B-ADD6-AF12761D6486}.Debug|Win32.Build.0 = Debug|Win32
		{A43950CB-2618-4D0B-ADD6-AF12761D6486}.Release|Win32.ActiveCfg = Release|Win32
		{A43950CB-2618-4D0B-ADD6-AF12761D6486}.Release|Win32.Build.0 = Release|Win32
	EndGlobalSection
	GlobalSection(SolutionProperties) = preSolution
		HideSolutionNode = FALSE
	EndGlobalSection
EndGlobal
